{
  "name": "test",
  "lockfileVersion": 2,
  "requires": true,
  "packages": {
    "": {
      "dependencies": {
        "sn-components": "^0.0.1"
      }
    },
    "node_modules/@stencil/core": {
      "version": "2.14.0",
      "resolved": "https://registry.npmjs.org/@stencil/core/-/core-2.14.0.tgz",
      "integrity": "sha512-tiGFK9VADoHJvAZoTHN/c6YBaTzB5+V3aTn7CzjPxIqryjh3jCUlMP4VDvzkrnVWjhj8Fa82zMWdePgr/xoyOw==",
      "bin": {
        "stencil": "bin/stencil"
      },
      "engines": {
        "node": ">=12.10.0",
        "npm": ">=6.0.0"
      }
    },
    "node_modules/sn-components": {
      "version": "0.0.1",
      "resolved": "https://registry.npmjs.org/sn-components/-/sn-components-0.0.1.tgz",
      "integrity": "sha512-a36RcrWFm7NNPyydphJIAB4MaU4pS02JTrhCnGJYHWlRvrYN79HQ8e8S5hNFwFEFKhLvUL17t/2Cw0IggYDS0A==",
      "dependencies": {
        "@stencil/core": "^2.13.0"
      }
    }
  },
  "dependencies": {
    "@stencil/core": {
      "version": "2.14.0",
      "resolved": "https://registry.npmjs.org/@stencil/core/-/core-2.14.0.tgz",
      "integrity": "sha512-tiGFK9VADoHJvAZoTHN/c6YBaTzB5+V3aTn7CzjPxIqryjh3jCUlMP4VDvzkrnVWjhj8Fa82zMWdePgr/xoyOw=="
    },
    "sn-components": {
      "version": "0.0.1",
      "resolved": "https://registry.npmjs.org/sn-components/-/sn-components-0.0.1.tgz",
      "integrity": "sha512-a36RcrWFm7NNPyydphJIAB4MaU4pS02JTrhCnGJYHWlRvrYN79HQ8e8S5hNFwFEFKhLvUL17t/2Cw0IggYDS0A==",
      "requires": {
        "@stencil/core": "^2.13.0"
      }
    }
  }
}
